
Microsoft Visual Studio Solution File, Format Version 12.00
# Visual Studio Version 17
VisualStudioVersion = 17.7.34024.191
MinimumVisualStudioVersion = 10.0.40219.1
Project("{2150E333-8FDC-42A3-9474-1A3956D46DE8}") = "src", "src", "{C9BFDDC4-5671-47A3-B57D-197C2A51FA8A}"
EndProject
Project("{2150E333-8FDC-42A3-9474-1A3956D46DE8}") = "Solution Items", "Solution Items", "{0FA25035-EF21-45F1-BEB4-C57BCF5F9A83}"
	ProjectSection(SolutionItems) = preProject
		.editorconfig = .editorconfig
	EndProjectSection
EndProject
Project("{2150E333-8FDC-42A3-9474-1A3956D46DE8}") = "Modules", "Modules", "{7EFA2FA7-32DD-4047-B021-50E77A83D714}"
	ProjectSection(SolutionItems) = preProject
		src\Modules\Directory.Build.props = src\Modules\Directory.Build.props
	EndProjectSection
EndProject
Project("{9A19103F-16F7-4668-BE54-9A1E7A4F7556}") = "SimplCommerce.WebHost", "src\SimplCommerce.WebHost\SimplCommerce.WebHost.csproj", "{13367B7A-E91C-47EE-BA5E-C50664D65767}"
EndProject
Project("{9A19103F-16F7-4668-BE54-9A1E7A4F7556}") = "SimplCommerce.Infrastructure", "src\SimplCommerce.Infrastructure\SimplCommerce.Infrastructure.csproj", "{9C156841-9389-4840-82CB-D5A4ED9A6A00}"
EndProject
Project("{9A19103F-16F7-4668-BE54-9A1E7A4F7556}") = "SimplCommerce.Module.Core", "src\Modules\SimplCommerce.Module.Core\SimplCommerce.Module.Core.csproj", "{91A9DD1C-08F3-4F85-8728-BB30F55FDACB}"
EndProject
Project("{9A19103F-16F7-4668-BE54-9A1E7A4F7556}") = "SimplCommerce.Module.Localization", "src\Modules\SimplCommerce.Module.Localization\SimplCommerce.Module.Localization.csproj", "{168ECB44-DB3C-4DAB-9F8D-7BA5EB39D1CE}"
EndProject
Project("{9A19103F-16F7-4668-BE54-9A1E7A4F7556}") = "SimplCommerce.Module.EmailSenderSmtp", "src\Modules\SimplCommerce.Module.EmailSenderSmtp\SimplCommerce.Module.EmailSenderSmtp.csproj", "{254FDE42-A570-4702-9470-8035533292F6}"
EndProject
Project("{9A19103F-16F7-4668-BE54-9A1E7A4F7556}") = "SimplCommerce.Module.StorageLocal", "src\Modules\SimplCommerce.Module.StorageLocal\SimplCommerce.Module.StorageLocal.csproj", "{D399504C-4288-4692-A980-8265FA3A29AA}"
EndProject
Project("{FAE04EC0-301F-11D3-BF4B-00C04F79EFBC}") = "FIT.Module.Students", "src\Modules\FIT.Module.Students\FIT.Module.Students.csproj", "{215A8196-8A35-4827-A079-2FFBAA1DE464}"
EndProject
Global
	GlobalSection(SolutionConfigurationPlatforms) = preSolution
		Debug|Any CPU = Debug|Any CPU
		Debug|x64 = Debug|x64
		Debug|x86 = Debug|x86
		Release|Any CPU = Release|Any CPU
		Release|x64 = Release|x64
		Release|x86 = Release|x86
	EndGlobalSection
	GlobalSection(ProjectConfigurationPlatforms) = postSolution
		{13367B7A-E91C-47EE-BA5E-C50664D65767}.Debug|Any CPU.ActiveCfg = Debug|Any CPU
		{13367B7A-E91C-47EE-BA5E-C50664D65767}.Debug|Any CPU.Build.0 = Debug|Any CPU
		{13367B7A-E91C-47EE-BA5E-C50664D65767}.Debug|x64.ActiveCfg = Debug|Any CPU
		{13367B7A-E91C-47EE-BA5E-C50664D65767}.Debug|x64.Build.0 = Debug|Any CPU
		{13367B7A-E91C-47EE-BA5E-C50664D65767}.Debug|x86.ActiveCfg = Debug|Any CPU
		{13367B7A-E91C-47EE-BA5E-C50664D65767}.Debug|x86.Build.0 = Debug|Any CPU
		{13367B7A-E91C-47EE-BA5E-C50664D65767}.Release|Any CPU.ActiveCfg = Release|Any CPU
		{13367B7A-E91C-47EE-BA5E-C50664D65767}.Release|Any CPU.Build.0 = Release|Any CPU
		{13367B7A-E91C-47EE-BA5E-C50664D65767}.Release|x64.ActiveCfg = Release|Any CPU
		{13367B7A-E91C-47EE-BA5E-C50664D65767}.Release|x64.Build.0 = Release|Any CPU
		{13367B7A-E91C-47EE-BA5E-C50664D65767}.Release|x86.ActiveCfg = Release|Any CPU
		{13367B7A-E91C-47EE-BA5E-C50664D65767}.Release|x86.Build.0 = Release|Any CPU
		{9C156841-9389-4840-82CB-D5A4ED9A6A00}.Debug|Any CPU.ActiveCfg = Debug|Any CPU
		{9C156841-9389-4840-82CB-D5A4ED9A6A00}.Debug|Any CPU.Build.0 = Debug|Any CPU
		{9C156841-9389-4840-82CB-D5A4ED9A6A00}.Debug|x64.ActiveCfg = Debug|Any CPU
		{9C156841-9389-4840-82CB-D5A4ED9A6A00}.Debug|x64.Build.0 = Debug|Any CPU
		{9C156841-9389-4840-82CB-D5A4ED9A6A00}.Debug|x86.ActiveCfg = Debug|Any CPU
		{9C156841-9389-4840-82CB-D5A4ED9A6A00}.Debug|x86.Build.0 = Debug|Any CPU
		{9C156841-9389-4840-82CB-D5A4ED9A6A00}.Release|Any CPU.ActiveCfg = Release|Any CPU
		{9C156841-9389-4840-82CB-D5A4ED9A6A00}.Release|Any CPU.Build.0 = Release|Any CPU
		{9C156841-9389-4840-82CB-D5A4ED9A6A00}.Release|x64.ActiveCfg = Release|Any CPU
		{9C156841-9389-4840-82CB-D5A4ED9A6A00}.Release|x64.Build.0 = Release|Any CPU
		{9C156841-9389-4840-82CB-D5A4ED9A6A00}.Release|x86.ActiveCfg = Release|Any CPU
		{9C156841-9389-4840-82CB-D5A4ED9A6A00}.Release|x86.Build.0 = Release|Any CPU
		{91A9DD1C-08F3-4F85-8728-BB30F55FDACB}.Debug|Any CPU.ActiveCfg = Debug|Any CPU
		{91A9DD1C-08F3-4F85-8728-BB30F55FDACB}.Debug|Any CPU.Build.0 = Debug|Any CPU
		{91A9DD1C-08F3-4F85-8728-BB30F55FDACB}.Debug|x64.ActiveCfg = Debug|Any CPU
		{91A9DD1C-08F3-4F85-8728-BB30F55FDACB}.Debug|x64.Build.0 = Debug|Any CPU
		{91A9DD1C-08F3-4F85-8728-BB30F55FDACB}.Debug|x86.ActiveCfg = Debug|Any CPU
		{91A9DD1C-08F3-4F85-8728-BB30F55FDACB}.Debug|x86.Build.0 = Debug|Any CPU
		{91A9DD1C-08F3-4F85-8728-BB30F55FDACB}.Release|Any CPU.ActiveCfg = Release|Any CPU
		{91A9DD1C-08F3-4F85-8728-BB30F55FDACB}.Release|Any CPU.Build.0 = Release|Any CPU
		{91A9DD1C-08F3-4F85-8728-BB30F55FDACB}.Release|x64.ActiveCfg = Release|Any CPU
		{91A9DD1C-08F3-4F85-8728-BB30F55FDACB}.Release|x64.Build.0 = Release|Any CPU
		{91A9DD1C-08F3-4F85-8728-BB30F55FDACB}.Release|x86.ActiveCfg = Release|Any CPU
		{91A9DD1C-08F3-4F85-8728-BB30F55FDACB}.Release|x86.Build.0 = Release|Any CPU
		{168ECB44-DB3C-4DAB-9F8D-7BA5EB39D1CE}.Debug|Any CPU.ActiveCfg = Debug|Any CPU
		{168ECB44-DB3C-4DAB-9F8D-7BA5EB39D1CE}.Debug|Any CPU.Build.0 = Debug|Any CPU
		{168ECB44-DB3C-4DAB-9F8D-7BA5EB39D1CE}.Debug|x64.ActiveCfg = Debug|Any CPU
		{168ECB44-DB3C-4DAB-9F8D-7BA5EB39D1CE}.Debug|x64.Build.0 = Debug|Any CPU
		{168ECB44-DB3C-4DAB-9F8D-7BA5EB39D1CE}.Debug|x86.ActiveCfg = Debug|Any CPU
		{168ECB44-DB3C-4DAB-9F8D-7BA5EB39D1CE}.Debug|x86.Build.0 = Debug|Any CPU
		{168ECB44-DB3C-4DAB-9F8D-7BA5EB39D1CE}.Release|Any CPU.ActiveCfg = Release|Any CPU
		{168ECB44-DB3C-4DAB-9F8D-7BA5EB39D1CE}.Release|Any CPU.Build.0 = Release|Any CPU
		{168ECB44-DB3C-4DAB-9F8D-7BA5EB39D1CE}.Release|x64.ActiveCfg = Release|Any CPU
		{168ECB44-DB3C-4DAB-9F8D-7BA5EB39D1CE}.Release|x64.Build.0 = Release|Any CPU
		{168ECB44-DB3C-4DAB-9F8D-7BA5EB39D1CE}.Release|x86.ActiveCfg = Release|Any CPU
		{168ECB44-DB3C-4DAB-9F8D-7BA5EB39D1CE}.Release|x86.Build.0 = Release|Any CPU
		{254FDE42-A570-4702-9470-8035533292F6}.Debug|Any CPU.ActiveCfg = Debug|Any CPU
		{254FDE42-A570-4702-9470-8035533292F6}.Debug|Any CPU.Build.0 = Debug|Any CPU
		{254FDE42-A570-4702-9470-8035533292F6}.Debug|x64.ActiveCfg = Debug|Any CPU
		{254FDE42-A570-4702-9470-8035533292F6}.Debug|x64.Build.0 = Debug|Any CPU
		{254FDE42-A570-4702-9470-8035533292F6}.Debug|x86.ActiveCfg = Debug|Any CPU
		{254FDE42-A570-4702-9470-8035533292F6}.Debug|x86.Build.0 = Debug|Any CPU
		{254FDE42-A570-4702-9470-8035533292F6}.Release|Any CPU.ActiveCfg = Release|Any CPU
		{254FDE42-A570-4702-9470-8035533292F6}.Release|Any CPU.Build.0 = Release|Any CPU
		{254FDE42-A570-4702-9470-8035533292F6}.Release|x64.ActiveCfg = Release|Any CPU
		{254FDE42-A570-4702-9470-8035533292F6}.Release|x64.Build.0 = Release|Any CPU
		{254FDE42-A570-4702-9470-8035533292F6}.Release|x86.ActiveCfg = Release|Any CPU
		{254FDE42-A570-4702-9470-8035533292F6}.Release|x86.Build.0 = Release|Any CPU
		{D399504C-4288-4692-A980-8265FA3A29AA}.Debug|Any CPU.ActiveCfg = Debug|Any CPU
		{D399504C-4288-4692-A980-8265FA3A29AA}.Debug|Any CPU.Build.0 = Debug|Any CPU
		{D399504C-4288-4692-A980-8265FA3A29AA}.Debug|x64.ActiveCfg = Debug|Any CPU
		{D399504C-4288-4692-A980-8265FA3A29AA}.Debug|x64.Build.0 = Debug|Any CPU
		{D399504C-4288-4692-A980-8265FA3A29AA}.Debug|x86.ActiveCfg = Debug|Any CPU
		{D399504C-4288-4692-A980-8265FA3A29AA}.Debug|x86.Build.0 = Debug|Any CPU
		{D399504C-4288-4692-A980-8265FA3A29AA}.Release|Any CPU.ActiveCfg = Release|Any CPU
		{D399504C-4288-4692-A980-8265FA3A29AA}.Release|Any CPU.Build.0 = Release|Any CPU
		{D399504C-4288-4692-A980-8265FA3A29AA}.Release|x64.ActiveCfg = Release|Any CPU
		{D399504C-4288-4692-A980-8265FA3A29AA}.Release|x64.Build.0 = Release|Any CPU
		{D399504C-4288-4692-A980-8265FA3A29AA}.Release|x86.ActiveCfg = Release|Any CPU
		{D399504C-4288-4692-A980-8265FA3A29AA}.Release|x86.Build.0 = Release|Any CPU
		{215A8196-8A35-4827-A079-2FFBAA1DE464}.Debug|Any CPU.ActiveCfg = Debug|Any CPU
		{215A8196-8A35-4827-A079-2FFBAA1DE464}.Debug|Any CPU.Build.0 = Debug|Any CPU
		{215A8196-8A35-4827-A079-2FFBAA1DE464}.Debug|x64.ActiveCfg = Debug|Any CPU
		{215A8196-8A35-4827-A079-2FFBAA1DE464}.Debug|x64.Build.0 = Debug|Any CPU
		{215A8196-8A35-4827-A079-2FFBAA1DE464}.Debug|x86.ActiveCfg = Debug|Any CPU
		{215A8196-8A35-4827-A079-2FFBAA1DE464}.Debug|x86.Build.0 = Debug|Any CPU
		{215A8196-8A35-4827-A079-2FFBAA1DE464}.Release|Any CPU.ActiveCfg = Release|Any CPU
		{215A8196-8A35-4827-A079-2FFBAA1DE464}.Release|Any CPU.Build.0 = Release|Any CPU
		{215A8196-8A35-4827-A079-2FFBAA1DE464}.Release|x64.ActiveCfg = Release|Any CPU
		{215A8196-8A35-4827-A079-2FFBAA1DE464}.Release|x64.Build.0 = Release|Any CPU
		{215A8196-8A35-4827-A079-2FFBAA1DE464}.Release|x86.ActiveCfg = Release|Any CPU
		{215A8196-8A35-4827-A079-2FFBAA1DE464}.Release|x86.Build.0 = Release|Any CPU
	EndGlobalSection
	GlobalSection(SolutionProperties) = preSolution
		HideSolutionNode = FALSE
	EndGlobalSection
	GlobalSection(NestedProjects) = preSolution
		{7EFA2FA7-32DD-4047-B021-50E77A83D714} = {C9BFDDC4-5671-47A3-B57D-197C2A51FA8A}
		{13367B7A-E91C-47EE-BA5E-C50664D65767} = {C9BFDDC4-5671-47A3-B57D-197C2A51FA8A}
		{9C156841-9389-4840-82CB-D5A4ED9A6A00} = {C9BFDDC4-5671-47A3-B57D-197C2A51FA8A}
		{91A9DD1C-08F3-4F85-8728-BB30F55FDACB} = {7EFA2FA7-32DD-4047-B021-50E77A83D714}
		{168ECB44-DB3C-4DAB-9F8D-7BA5EB39D1CE} = {7EFA2FA7-32DD-4047-B021-50E77A83D714}
		{254FDE42-A570-4702-9470-8035533292F6} = {7EFA2FA7-32DD-4047-B021-50E77A83D714}
		{D399504C-4288-4692-A980-8265FA3A29AA} = {7EFA2FA7-32DD-4047-B021-50E77A83D714}
		{215A8196-8A35-4827-A079-2FFBAA1DE464} = {7EFA2FA7-32DD-4047-B021-50E77A83D714}
	EndGlobalSection
	GlobalSection(ExtensibilityGlobals) = postSolution
		SolutionGuid = {B9D0D8F0-1AB9-44DD-839F-ED8CEE7DDB10}
	EndGlobalSection
EndGlobal
